
Microsoft Visual Studio Solution File, Format Version 12.00
# Visual Studio Version 17
VisualStudioVersion = 17.6.33927.249
MinimumVisualStudioVersion = 10.0.40219.1
Project("{FAE04EC0-301F-11D3-BF4B-00C04F79EFBC}") = "FundaReport", "FundaReport\FundaReport.csproj", "{5EA14DFB-3810-468B-B875-5BD526577DEE}"
EndProject
Global
	GlobalSection(SolutionConfigurationPlatforms) = preSolution
		Debug|Any CPU = Debug|Any CPU
		Release|Any CPU = Release|Any CPU
	EndGlobalSection
	GlobalSection(ProjectConfigurationPlatforms) = postSolution
		{5EA14DFB-3810-468B-B875-5BD526577DEE}.Debug|Any CPU.ActiveCfg = Debug|Any CPU
		{5EA14DFB-3810-468B-B875-5BD526577DEE}.Debug|Any CPU.Build.0 = Debug|Any CPU
		{5EA14DFB-3810-468B-B875-5BD526577DEE}.Release|Any CPU.ActiveCfg = Release|Any CPU
		{5EA14DFB-3810-468B-B875-5BD526577DEE}.Release|Any CPU.Build.0 = Release|Any CPU
	EndGlobalSection
	GlobalSection(SolutionProperties) = preSolution
		HideSolutionNode = FALSE
	EndGlobalSection
	GlobalSection(ExtensibilityGlobals) = postSolution
		SolutionGuid = {E665A094-4409-4973-8617-2E560F2E4D1E}
	EndGlobalSection
EndGlobal
